
Microsoft Visual Studio Solution File, Format Version 12.00
# Visual Studio Version 17
VisualStudioVersion = 17.13.35919.96 d17.13
MinimumVisualStudioVersion = 10.0.40219.1
Project("{FAE04EC0-301F-11D3-BF4B-00C04F79EFBC}") = "NEA_Project", "NEA_Project\NEA_Project.csproj", "{BBAD33C2-AAAD-4A81-9B76-7680BF1AD87D}"
EndProject
Global
	GlobalSection(SolutionConfigurationPlatforms) = preSolution
		Debug|Any CPU = Debug|Any CPU
		Release|Any CPU = Release|Any CPU
	EndGlobalSection
	GlobalSection(ProjectConfigurationPlatforms) = postSolution
		{BBAD33C2-AAAD-4A81-9B76-7680BF1AD87D}.Debug|Any CPU.ActiveCfg = Debug|Any CPU
		{BBAD33C2-AAAD-4A81-9B76-7680BF1AD87D}.Debug|Any CPU.Build.0 = Debug|Any CPU
		{BBAD33C2-AAAD-4A81-9B76-7680BF1AD87D}.Release|Any CPU.ActiveCfg = Release|Any CPU
		{BBAD33C2-AAAD-4A81-9B76-7680BF1AD87D}.Release|Any CPU.Build.0 = Release|Any CPU
	EndGlobalSection
	GlobalSection(SolutionProperties) = preSolution
		HideSolutionNode = FALSE
	EndGlobalSection
	GlobalSection(ExtensibilityGlobals) = postSolution
		SolutionGuid = {4118234F-EB60-424B-BC11-2B446376A973}
	EndGlobalSection
EndGlobal
